
Microsoft Visual Studio Solution File, Format Version 12.00
# Visual Studio 15
VisualStudioVersion = 15.0.26124.0
MinimumVisualStudioVersion = 15.0.26124.0
Project("{2150E333-8FDC-42A3-9474-1A3956D46DE8}") = "src", "src", "{6E440B57-BEA1-4D32-A660-C2C375C16691}"
EndProject
Project("{FAE04EC0-301F-11D3-BF4B-00C04F79EFBC}") = "Strategy", "src\Strategy\Strategy.csproj", "{1346536D-0123-4558-B377-318C365FA7B9}"
EndProject
Project("{2150E333-8FDC-42A3-9474-1A3956D46DE8}") = "test", "test", "{B2D05771-5C08-4CBE-9CC1-714124560C0C}"
EndProject
Project("{FAE04EC0-301F-11D3-BF4B-00C04F79EFBC}") = "Strategy.Tests", "test\Strategy.Tests\Strategy.Tests.csproj", "{F06985FF-5070-44FF-B47E-FCC4CCEF68D0}"
EndProject
Project("{FAE04EC0-301F-11D3-BF4B-00C04F79EFBC}") = "Observer", "src\Observer\Observer.csproj", "{0ED49B25-4261-4207-A5B0-91ECA1A7DFCC}"
EndProject
Project("{FAE04EC0-301F-11D3-BF4B-00C04F79EFBC}") = "Observer.Tests", "test\Observer.Tests\Observer.Tests.csproj", "{8CEDE2E2-5C36-45D7-B734-29B9711EA922}"
EndProject
Project("{FAE04EC0-301F-11D3-BF4B-00C04F79EFBC}") = "Application", "src\Application\Application.csproj", "{7950B1EA-ECC5-4B98-A51F-E66E37B775F6}"
EndProject
Project("{FAE04EC0-301F-11D3-BF4B-00C04F79EFBC}") = "Application.Tests", "test\Application.Tests\Application.Tests.csproj", "{4C929B85-D819-4A61-95D9-1CF351BD4D43}"
EndProject
Global
	GlobalSection(SolutionConfigurationPlatforms) = preSolution
		Debug|Any CPU = Debug|Any CPU
		Debug|x64 = Debug|x64
		Debug|x86 = Debug|x86
		Release|Any CPU = Release|Any CPU
		Release|x64 = Release|x64
		Release|x86 = Release|x86
	EndGlobalSection
	GlobalSection(SolutionProperties) = preSolution
		HideSolutionNode = FALSE
	EndGlobalSection
	GlobalSection(ProjectConfigurationPlatforms) = postSolution
		{1346536D-0123-4558-B377-318C365FA7B9}.Debug|Any CPU.ActiveCfg = Debug|Any CPU
		{1346536D-0123-4558-B377-318C365FA7B9}.Debug|Any CPU.Build.0 = Debug|Any CPU
		{1346536D-0123-4558-B377-318C365FA7B9}.Debug|x64.ActiveCfg = Debug|Any CPU
		{1346536D-0123-4558-B377-318C365FA7B9}.Debug|x64.Build.0 = Debug|Any CPU
		{1346536D-0123-4558-B377-318C365FA7B9}.Debug|x86.ActiveCfg = Debug|Any CPU
		{1346536D-0123-4558-B377-318C365FA7B9}.Debug|x86.Build.0 = Debug|Any CPU
		{1346536D-0123-4558-B377-318C365FA7B9}.Release|Any CPU.ActiveCfg = Release|Any CPU
		{1346536D-0123-4558-B377-318C365FA7B9}.Release|Any CPU.Build.0 = Release|Any CPU
		{1346536D-0123-4558-B377-318C365FA7B9}.Release|x64.ActiveCfg = Release|Any CPU
		{1346536D-0123-4558-B377-318C365FA7B9}.Release|x64.Build.0 = Release|Any CPU
		{1346536D-0123-4558-B377-318C365FA7B9}.Release|x86.ActiveCfg = Release|Any CPU
		{1346536D-0123-4558-B377-318C365FA7B9}.Release|x86.Build.0 = Release|Any CPU
		{F06985FF-5070-44FF-B47E-FCC4CCEF68D0}.Debug|Any CPU.ActiveCfg = Debug|Any CPU
		{F06985FF-5070-44FF-B47E-FCC4CCEF68D0}.Debug|Any CPU.Build.0 = Debug|Any CPU
		{F06985FF-5070-44FF-B47E-FCC4CCEF68D0}.Debug|x64.ActiveCfg = Debug|Any CPU
		{F06985FF-5070-44FF-B47E-FCC4CCEF68D0}.Debug|x64.Build.0 = Debug|Any CPU
		{F06985FF-5070-44FF-B47E-FCC4CCEF68D0}.Debug|x86.ActiveCfg = Debug|Any CPU
		{F06985FF-5070-44FF-B47E-FCC4CCEF68D0}.Debug|x86.Build.0 = Debug|Any CPU
		{F06985FF-5070-44FF-B47E-FCC4CCEF68D0}.Release|Any CPU.ActiveCfg = Release|Any CPU
		{F06985FF-5070-44FF-B47E-FCC4CCEF68D0}.Release|Any CPU.Build.0 = Release|Any CPU
		{F06985FF-5070-44FF-B47E-FCC4CCEF68D0}.Release|x64.ActiveCfg = Release|Any CPU
		{F06985FF-5070-44FF-B47E-FCC4CCEF68D0}.Release|x64.Build.0 = Release|Any CPU
		{F06985FF-5070-44FF-B47E-FCC4CCEF68D0}.Release|x86.ActiveCfg = Release|Any CPU
		{F06985FF-5070-44FF-B47E-FCC4CCEF68D0}.Release|x86.Build.0 = Release|Any CPU
		{0ED49B25-4261-4207-A5B0-91ECA1A7DFCC}.Debug|Any CPU.ActiveCfg = Debug|Any CPU
		{0ED49B25-4261-4207-A5B0-91ECA1A7DFCC}.Debug|Any CPU.Build.0 = Debug|Any CPU
		{0ED49B25-4261-4207-A5B0-91ECA1A7DFCC}.Debug|x64.ActiveCfg = Debug|Any CPU
		{0ED49B25-4261-4207-A5B0-91ECA1A7DFCC}.Debug|x64.Build.0 = Debug|Any CPU
		{0ED49B25-4261-4207-A5B0-91ECA1A7DFCC}.Debug|x86.ActiveCfg = Debug|Any CPU
		{0ED49B25-4261-4207-A5B0-91ECA1A7DFCC}.Debug|x86.Build.0 = Debug|Any CPU
		{0ED49B25-4261-4207-A5B0-91ECA1A7DFCC}.Release|Any CPU.ActiveCfg = Release|Any CPU
		{0ED49B25-4261-4207-A5B0-91ECA1A7DFCC}.Release|Any CPU.Build.0 = Release|Any CPU
		{0ED49B25-4261-4207-A5B0-91ECA1A7DFCC}.Release|x64.ActiveCfg = Release|Any CPU
		{0ED49B25-4261-4207-A5B0-91ECA1A7DFCC}.Release|x64.Build.0 = Release|Any CPU
		{0ED49B25-4261-4207-A5B0-91ECA1A7DFCC}.Release|x86.ActiveCfg = Release|Any CPU
		{0ED49B25-4261-4207-A5B0-91ECA1A7DFCC}.Release|x86.Build.0 = Release|Any CPU
		{8CEDE2E2-5C36-45D7-B734-29B9711EA922}.Debug|Any CPU.ActiveCfg = Debug|Any CPU
		{8CEDE2E2-5C36-45D7-B734-29B9711EA922}.Debug|Any CPU.Build.0 = Debug|Any CPU
		{8CEDE2E2-5C36-45D7-B734-29B9711EA922}.Debug|x64.ActiveCfg = Debug|Any CPU
		{8CEDE2E2-5C36-45D7-B734-29B9711EA922}.Debug|x64.Build.0 = Debug|Any CPU
		{8CEDE2E2-5C36-45D7-B734-29B9711EA922}.Debug|x86.ActiveCfg = Debug|Any CPU
		{8CEDE2E2-5C36-45D7-B734-29B9711EA922}.Debug|x86.Build.0 = Debug|Any CPU
		{8CEDE2E2-5C36-45D7-B734-29B9711EA922}.Release|Any CPU.ActiveCfg = Release|Any CPU
		{8CEDE2E2-5C36-45D7-B734-29B9711EA922}.Release|Any CPU.Build.0 = Release|Any CPU
		{8CEDE2E2-5C36-45D7-B734-29B9711EA922}.Release|x64.ActiveCfg = Release|Any CPU
		{8CEDE2E2-5C36-45D7-B734-29B9711EA922}.Release|x64.Build.0 = Release|Any CPU
		{8CEDE2E2-5C36-45D7-B734-29B9711EA922}.Release|x86.ActiveCfg = Release|Any CPU
		{8CEDE2E2-5C36-45D7-B734-29B9711EA922}.Release|x86.Build.0 = Release|Any CPU
		{7950B1EA-ECC5-4B98-A51F-E66E37B775F6}.Debug|Any CPU.ActiveCfg = Debug|Any CPU
		{7950B1EA-ECC5-4B98-A51F-E66E37B775F6}.Debug|Any CPU.Build.0 = Debug|Any CPU
		{7950B1EA-ECC5-4B98-A51F-E66E37B775F6}.Debug|x64.ActiveCfg = Debug|Any CPU
		{7950B1EA-ECC5-4B98-A51F-E66E37B775F6}.Debug|x64.Build.0 = Debug|Any CPU
		{7950B1EA-ECC5-4B98-A51F-E66E37B775F6}.Debug|x86.ActiveCfg = Debug|Any CPU
		{7950B1EA-ECC5-4B98-A51F-E66E37B775F6}.Debug|x86.Build.0 = Debug|Any CPU
		{7950B1EA-ECC5-4B98-A51F-E66E37B775F6}.Release|Any CPU.ActiveCfg = Release|Any CPU
		{7950B1EA-ECC5-4B98-A51F-E66E37B775F6}.Release|Any CPU.Build.0 = Release|Any CPU
		{7950B1EA-ECC5-4B98-A51F-E66E37B775F6}.Release|x64.ActiveCfg = Release|Any CPU
		{7950B1EA-ECC5-4B98-A51F-E66E37B775F6}.Release|x64.Build.0 = Release|Any CPU
		{7950B1EA-ECC5-4B98-A51F-E66E37B775F6}.Release|x86.ActiveCfg = Release|Any CPU
		{7950B1EA-ECC5-4B98-A51F-E66E37B775F6}.Release|x86.Build.0 = Release|Any CPU
		{4C929B85-D819-4A61-95D9-1CF351BD4D43}.Debug|Any CPU.ActiveCfg = Debug|Any CPU
		{4C929B85-D819-4A61-95D9-1CF351BD4D43}.Debug|Any CPU.Build.0 = Debug|Any CPU
		{4C929B85-D819-4A61-95D9-1CF351BD4D43}.Debug|x64.ActiveCfg = Debug|Any CPU
		{4C929B85-D819-4A61-95D9-1CF351BD4D43}.Debug|x64.Build.0 = Debug|Any CPU
		{4C929B85-D819-4A61-95D9-1CF351BD4D43}.Debug|x86.ActiveCfg = Debug|Any CPU
		{4C929B85-D819-4A61-95D9-1CF351BD4D43}.Debug|x86.Build.0 = Debug|Any CPU
		{4C929B85-D819-4A61-95D9-1CF351BD4D43}.Release|Any CPU.ActiveCfg = Release|Any CPU
		{4C929B85-D819-4A61-95D9-1CF351BD4D43}.Release|Any CPU.Build.0 = Release|Any CPU
		{4C929B85-D819-4A61-95D9-1CF351BD4D43}.Release|x64.ActiveCfg = Release|Any CPU
		{4C929B85-D819-4A61-95D9-1CF351BD4D43}.Release|x64.Build.0 = Release|Any CPU
		{4C929B85-D819-4A61-95D9-1CF351BD4D43}.Release|x86.ActiveCfg = Release|Any CPU
		{4C929B85-D819-4A61-95D9-1CF351BD4D43}.Release|x86.Build.0 = Release|Any CPU
	EndGlobalSection
	GlobalSection(NestedProjects) = preSolution
		{1346536D-0123-4558-B377-318C365FA7B9} = {6E440B57-BEA1-4D32-A660-C2C375C16691}
		{F06985FF-5070-44FF-B47E-FCC4CCEF68D0} = {B2D05771-5C08-4CBE-9CC1-714124560C0C}
		{0ED49B25-4261-4207-A5B0-91ECA1A7DFCC} = {6E440B57-BEA1-4D32-A660-C2C375C16691}
		{8CEDE2E2-5C36-45D7-B734-29B9711EA922} = {B2D05771-5C08-4CBE-9CC1-714124560C0C}
		{7950B1EA-ECC5-4B98-A51F-E66E37B775F6} = {6E440B57-BEA1-4D32-A660-C2C375C16691}
		{4C929B85-D819-4A61-95D9-1CF351BD4D43} = {B2D05771-5C08-4CBE-9CC1-714124560C0C}
	EndGlobalSection
EndGlobal
